// !$*UTF8*$!
{
	archiveVersion = 1;
	classes = {
	};
	objectVersion = 50;
	objects = {

/* Begin PBXBuildFile section */
		FB494648223CC0A20083916A /* Weather.swift in Sources */ = {isa = PBXBuildFile; fileRef = FB494647223CC0A20083916A /* Weather.swift */; };
		FB6A4E82223A60E300B21FBE /* CurrentWeather .swift in Sources */ = {isa = PBXBuildFile; fileRef = FB6A4E81223A60E300B21FBE /* CurrentWeather .swift */; };
		FB6A4E88223A6F4E00B21FBE /* Podfile in Resources */ = {isa = PBXBuildFile; fileRef = FB6A4E87223A6F4E00B21FBE /* Podfile */; };
		FB9B7BAD223B9915003A7214 /* Main.swift in Sources */ = {isa = PBXBuildFile; fileRef = FB9B7BAC223B9915003A7214 /* Main.swift */; };
		FBFB1A812237AAA3001F41E6 /* AppDelegate.swift in Sources */ = {isa = PBXBuildFile; fileRef = FBFB1A802237AAA3001F41E6 /* AppDelegate.swift */; };
		FBFB1A832237AAA3001F41E6 /* ViewController.swift in Sources */ = {isa = PBXBuildFile; fileRef = FBFB1A822237AAA3001F41E6 /* ViewController.swift */; };
		FBFB1A862237AAA3001F41E6 /* Main.storyboard in Resources */ = {isa = PBXBuildFile; fileRef = FBFB1A842237AAA3001F41E6 /* Main.storyboard */; };
		FBFB1A882237AAA5001F41E6 /* Assets.xcassets in Resources */ = {isa = PBXBuildFile; fileRef = FBFB1A872237AAA5001F41E6 /* Assets.xcassets */; };
		FBFB1A8B2237AAA5001F41E6 /* LaunchScreen.storyboard in Resources */ = {isa = PBXBuildFile; fileRef = FBFB1A892237AAA5001F41E6 /* LaunchScreen.storyboard */; };
/* End PBXBuildFile section */

/* Begin PBXFileReference section */
		FB494647223CC0A20083916A /* Weather.swift */ = {isa = PBXFileReference; lastKnownFileType = sourcecode.swift; path = Weather.swift; sourceTree = "<group>"; };
		FB6A4E81223A60E300B21FBE /* CurrentWeather .swift */ = {isa = PBXFileReference; lastKnownFileType = sourcecode.swift; path = "CurrentWeather .swift"; sourceTree = "<group>"; };
		FB6A4E87223A6F4E00B21FBE /* Podfile */ = {isa = PBXFileReference; lastKnownFileType = text; path = Podfile; sourceTree = "<group>"; };
		FB9B7BAC223B9915003A7214 /* Main.swift */ = {isa = PBXFileReference; lastKnownFileType = sourcecode.swift; path = Main.swift; sourceTree = "<group>"; };
		FBFB1A7D2237AAA3001F41E6 /* WeatherForecast.app */ = {isa = PBXFileReference; explicitFileType = wrapper.application; includeInIndex = 0; path = WeatherForecast.app; sourceTree = BUILT_PRODUCTS_DIR; };
		FBFB1A802237AAA3001F41E6 /* AppDelegate.swift */ = {isa = PBXFileReference; lastKnownFileType = sourcecode.swift; path = AppDelegate.swift; sourceTree = "<group>"; };
		FBFB1A822237AAA3001F41E6 /* ViewController.swift */ = {isa = PBXFileReference; lastKnownFileType = sourcecode.swift; path = ViewController.swift; sourceTree = "<group>"; };
		FBFB1A852237AAA3001F41E6 /* Base */ = {isa = PBXFileReference; lastKnownFileType = file.storyboard; name = Base; path = Base.lproj/Main.storyboard; sourceTree = "<group>"; };
		FBFB1A872237AAA5001F41E6 /* Assets.xcassets */ = {isa = PBXFileReference; lastKnownFileType = folder.assetcatalog; path = Assets.xcassets; sourceTree = "<group>"; };
		FBFB1A8A2237AAA5001F41E6 /* Base */ = {isa = PBXFileReference; lastKnownFileType = file.storyboard; name = Base; path = Base.lproj/LaunchScreen.storyboard; sourceTree = "<group>"; };
		FBFB1A8C2237AAA5001F41E6 /* Info.plist */ = {isa = PBXFileReference; lastKnownFileType = text.plist.xml; path = Info.plist; sourceTree = "<group>"; };
/* End PBXFileReference section */

/* Begin PBXFrameworksBuildPhase section */
		FBFB1A7A2237AAA3001F41E6 /* Frameworks */ = {
			isa = PBXFrameworksBuildPhase;
			buildActionMask = 2147483647;
			files = (
			);
			runOnlyForDeploymentPostprocessing = 0;
		};
/* End PBXFrameworksBuildPhase section */

/* Begin PBXGroup section */
		FBFB1A742237AAA3001F41E6 = {
			isa = PBXGroup;
			children = (
				FB6A4E87223A6F4E00B21FBE /* Podfile */,
				FBFB1A7F2237AAA3001F41E6 /* WeatherForecast */,
				FBFB1A7E2237AAA3001F41E6 /* Products */,
			);
			sourceTree = "<group>";
		};
		FBFB1A7E2237AAA3001F41E6 /* Products */ = {
			isa = PBXGroup;
			children = (
				FBFB1A7D2237AAA3001F41E6 /* WeatherForecast.app */,
			);
			name = Products;
			sourceTree = "<group>";
		};
		FBFB1A7F2237AAA3001F41E6 /* WeatherForecast */ = {
			isa = PBXGroup;
			children = (
				FBFB1A802237AAA3001F41E6 /* AppDelegate.swift */,
				FBFB1A822237AAA3001F41E6 /* ViewController.swift */,
				FBFB1A842237AAA3001F41E6 /* Main.storyboard */,
				FBFB1A872237AAA5001F41E6 /* Assets.xcassets */,
				FBFB1A892237AAA5001F41E6 /* LaunchScreen.storyboard */,
				FBFB1A8C2237AAA5001F41E6 /* Info.plist */,
				FB6A4E81223A60E300B21FBE /* CurrentWeather .swift */,
				FB9B7BAC223B9915003A7214 /* Main.swift */,
				FB494647223CC0A20083916A /* Weather.swift */,
			);
			path = WeatherForecast;
			sourceTree = "<group>";
		};
/* End PBXGroup section */

/* Begin PBXNativeTarget section */
		FBFB1A7C2237AAA3001F41E6 /* WeatherForecast */ = {
			isa = PBXNativeTarget;
			buildConfigurationList = FBFB1A8F2237AAA5001F41E6 /* Build configuration list for PBXNativeTarget "WeatherForecast" */;
			buildPhases = (
				FBFB1A792237AAA3001F41E6 /* Sources */,
				FBFB1A7A2237AAA3001F41E6 /* Frameworks */,
				FBFB1A7B2237AAA3001F41E6 /* Resources */,
				FBD2710F22455BD500400A98 /* ShellScript */,
			);
			buildRules = (
			);
			dependencies = (
			);
			name = WeatherForecast;
			productName = WeatherForecast;
			productReference = FBFB1A7D2237AAA3001F41E6 /* WeatherForecast.app */;
			productType = "com.apple.product-type.application";
		};
/* End PBXNativeTarget section */

/* Begin PBXProject section */
		FBFB1A752237AAA3001F41E6 /* Project object */ = {
			isa = PBXProject;
			attributes = {
				LastSwiftUpdateCheck = 1010;
				LastUpgradeCheck = 1010;
				ORGANIZATIONNAME = "Родион Ковалевский";
				TargetAttributes = {
					FBFB1A7C2237AAA3001F41E6 = {
						CreatedOnToolsVersion = 10.1;
					};
				};
			};
			buildConfigurationList = FBFB1A782237AAA3001F41E6 /* Build configuration list for PBXProject "WeatherForecast" */;
			compatibilityVersion = "Xcode 9.3";
			developmentRegion = en;
			hasScannedForEncodings = 0;
			knownRegions = (
				en,
				Base,
			);
			mainGroup = FBFB1A742237AAA3001F41E6;
			productRefGroup = FBFB1A7E2237AAA3001F41E6 /* Products */;
			projectDirPath = "";
			projectRoot = "";
			targets = (
				FBFB1A7C2237AAA3001F41E6 /* WeatherForecast */,
			);
		};
/* End PBXProject section */

/* Begin PBXResourcesBuildPhase section */
		FBFB1A7B2237AAA3001F41E6 /* Resources */ = {
			isa = PBXResourcesBuildPhase;
			buildActionMask = 2147483647;
			files = (
				FB6A4E88223A6F4E00B21FBE /* Podfile in Resources */,
				FBFB1A8B2237AAA5001F41E6 /* LaunchScreen.storyboard in Resources */,
				FBFB1A882237AAA5001F41E6 /* Assets.xcassets in Resources */,
				FBFB1A862237AAA3001F41E6 /* Main.storyboard in Resources */,
			);
			runOnlyForDeploymentPostprocessing = 0;
		};
/* End PBXResourcesBuildPhase section */

/* Begin PBXShellScriptBuildPhase section */
		FBD2710F22455BD500400A98 /* ShellScript */ = {
			isa = PBXShellScriptBuildPhase;
			buildActionMask = 8;
			files = (
			);
			inputFileListPaths = (
			);
			inputPaths = (
			);
			outputFileListPaths = (
			);
			outputPaths = (
			);
			runOnlyForDeploymentPostprocessing = 1;
			shellPath = /bin/sh;
			shellScript = "# Type a script or drag a script file from your workspace to insert its path.\nif which swiftlint >/dev/null; then\n swiftlint\nelse \necho \"warning Swiftlint does not installed\"\nfi\n";
		};
/* End PBXShellScriptBuildPhase section */

/* Begin PBXSourcesBuildPhase section */
		FBFB1A792237AAA3001F41E6 /* Sources */ = {
			isa = PBXSourcesBuildPhase;
			buildActionMask = 2147483647;
			files = (
				FBFB1A832237AAA3001F41E6 /* ViewController.swift in Sources */,
				FB6A4E82223A60E300B21FBE /* CurrentWeather .swift in Sources */,
				FB9B7BAD223B9915003A7214 /* Main.swift in Sources */,
				FBFB1A812237AAA3001F41E6 /* AppDelegate.swift in Sources */,
				FB494648223CC0A20083916A /* Weather.swift in Sources */,
			);
			runOnlyForDeploymentPostprocessing = 0;
		};
/* End PBXSourcesBuildPhase section */

/* Begin PBXVariantGroup section */
		FBFB1A842237AAA3001F41E6 /* Main.storyboard */ = {
			isa = PBXVariantGroup;
			children = (
				FBFB1A852237AAA3001F41E6 /* Base */,
			);
			name = Main.storyboard;
			sourceTree = "<group>";
		};
		FBFB1A892237AAA5001F41E6 /* LaunchScreen.storyboard */ = {
			isa = PBXVariantGroup;
			children = (
				FBFB1A8A2237AAA5001F41E6 /* Base */,
			);
			name = LaunchScreen.storyboard;
			sourceTree = "<group>";
		};
/* End PBXVariantGroup section */

/* Begin XCBuildConfiguration section */
		FBFB1A8D2237AAA5001F41E6 /* Debug */ = {
			isa = XCBuildConfiguration;
			buildSettings = {
				ALWAYS_SEARCH_USER_PATHS = NO;
				CLANG_ANALYZER_NONNULL = YES;
				CLANG_ANALYZER_NUMBER_OBJECT_CONVERSION = YES_AGGRESSIVE;
				CLANG_CXX_LANGUAGE_STANDARD = "gnu++14";
				CLANG_CXX_LIBRARY = "libc++";
				CLANG_ENABLE_MODULES = YES;
				CLANG_ENABLE_OBJC_ARC = YES;
				CLANG_ENABLE_OBJC_WEAK = YES;
				CLANG_WARN_BLOCK_CAPTURE_AUTORELEASING = YES;
				CLANG_WARN_BOOL_CONVERSION = YES;
				CLANG_WARN_COMMA = YES;
				CLANG_WARN_CONSTANT_CONVERSION = YES;
				CLANG_WARN_DEPRECATED_OBJC_IMPLEMENTATIONS = YES;
				CLANG_WARN_DIRECT_OBJC_ISA_USAGE = YES_ERROR;
				CLANG_WARN_DOCUMENTATION_COMMENTS = YES;
				CLANG_WARN_EMPTY_BODY = YES;
				CLANG_WARN_ENUM_CONVERSION = YES;
				CLANG_WARN_INFINITE_RECURSION = YES;
				CLANG_WARN_INT_CONVERSION = YES;
				CLANG_WARN_NON_LITERAL_NULL_CONVERSION = YES;
				CLANG_WARN_OBJC_IMPLICIT_RETAIN_SELF = YES;
				CLANG_WARN_OBJC_LITERAL_CONVERSION = YES;
				CLANG_WARN_OBJC_ROOT_CLASS = YES_ERROR;
				CLANG_WARN_RANGE_LOOP_ANALYSIS = YES;
				CLANG_WARN_STRICT_PROTOTYPES = YES;
				CLANG_WARN_SUSPICIOUS_MOVE = YES;
				CLANG_WARN_UNGUARDED_AVAILABILITY = YES_AGGRESSIVE;
				CLANG_WARN_UNREACHABLE_CODE = YES;
				CLANG_WARN__DUPLICATE_METHOD_MATCH = YES;
				CODE_SIGN_IDENTITY = "iPhone Developer";
				COPY_PHASE_STRIP = NO;
				DEBUG_INFORMATION_FORMAT = dwarf;
				ENABLE_STRICT_OBJC_MSGSEND = YES;
				ENABLE_TESTABILITY = YES;
				GCC_C_LANGUAGE_STANDARD = gnu11;
				GCC_DYNAMIC_NO_PIC = NO;
				GCC_NO_COMMON_BLOCKS = YES;
				GCC_OPTIMIZATION_LEVEL = 0;
				GCC_PREPROCESSOR_DEFINITIONS = (
					"DEBUG=1",
					"$(inherited)",
				);
				GCC_WARN_64_TO_32_BIT_CONVERSION = YES;
				GCC_WARN_ABOUT_RETURN_TYPE = YES_ERROR;
				GCC_WARN_UNDECLARED_SELECTOR = YES;
				GCC_WARN_UNINITIALIZED_AUTOS = YES_AGGRESSIVE;
				GCC_WARN_UNUSED_FUNCTION = YES;
				GCC_WARN_UNUSED_VARIABLE = YES;
				IPHONEOS_DEPLOYMENT_TARGET = 12.1;
				MTL_ENABLE_DEBUG_INFO = INCLUDE_SOURCE;
				MTL_FAST_MATH = YES;
				ONLY_ACTIVE_ARCH = YES;
				SDKROOT = iphoneos;
				SWIFT_ACTIVE_COMPILATION_CONDITIONS = DEBUG;
				SWIFT_OPTIMIZATION_LEVEL = "-Onone";
			};
			name = Debug;
		};
		FBFB1A8E2237AAA5001F41E6 /* Release */ = {
			isa = XCBuildConfiguration;
			buildSettings = {
				ALWAYS_SEARCH_USER_PATHS = NO;
				CLANG_ANALYZER_NONNULL = YES;
				CLANG_ANALYZER_NUMBER_OBJECT_CONVERSION = YES_AGGRESSIVE;
				CLANG_CXX_LANGUAGE_STANDARD = "gnu++14";
				CLANG_CXX_LIBRARY = "libc++";
				CLANG_ENABLE_MODULES = YES;
				CLANG_ENABLE_OBJC_ARC = YES;
				CLANG_ENABLE_OBJC_WEAK = YES;
				CLANG_WARN_BLOCK_CAPTURE_AUTORELEASING = YES;
				CLANG_WARN_BOOL_CONVERSION = YES;
				CLANG_WARN_COMMA = YES;
				CLANG_WARN_CONSTANT_CONVERSION = YES;
				CLANG_WARN_DEPRECATED_OBJC_IMPLEMENTATIONS = YES;
				CLANG_WARN_DIRECT_OBJC_ISA_USAGE = YES_ERROR;
				CLANG_WARN_DOCUMENTATION_COMMENTS = YES;
				CLANG_WARN_EMPTY_BODY = YES;
				CLANG_WARN_ENUM_CONVERSION = YES;
				CLANG_WARN_INFINITE_RECURSION = YES;
				CLANG_WARN_INT_CONVERSION = YES;
				CLANG_WARN_NON_LITERAL_NULL_CONVERSION = YES;
				CLANG_WARN_OBJC_IMPLICIT_RETAIN_SELF = YES;
				CLANG_WARN_OBJC_LITERAL_CONVERSION = YES;
				CLANG_WARN_OBJC_ROOT_CLASS = YES_ERROR;
				CLANG_WARN_RANGE_LOOP_ANALYSIS = YES;
				CLANG_WARN_STRICT_PROTOTYPES = YES;
				CLANG_WARN_SUSPICIOUS_MOVE = YES;
				CLANG_WARN_UNGUARDED_AVAILABILITY = YES_AGGRESSIVE;
				CLANG_WARN_UNREACHABLE_CODE = YES;
				CLANG_WARN__DUPLICATE_METHOD_MATCH = YES;
				CODE_SIGN_IDENTITY = "iPhone Developer";
				COPY_PHASE_STRIP = NO;
				DEBUG_INFORMATION_FORMAT = "dwarf-with-dsym";
				ENABLE_NS_ASSERTIONS = NO;
				ENABLE_STRICT_OBJC_MSGSEND = YES;
				GCC_C_LANGUAGE_STANDARD = gnu11;
				GCC_NO_COMMON_BLOCKS = YES;
				GCC_WARN_64_TO_32_BIT_CONVERSION = YES;
				GCC_WARN_ABOUT_RETURN_TYPE = YES_ERROR;
				GCC_WARN_UNDECLARED_SELECTOR = YES;
				GCC_WARN_UNINITIALIZED_AUTOS = YES_AGGRESSIVE;
				GCC_WARN_UNUSED_FUNCTION = YES;
				GCC_WARN_UNUSED_VARIABLE = YES;
				IPHONEOS_DEPLOYMENT_TARGET = 12.1;
				MTL_ENABLE_DEBUG_INFO = NO;
				MTL_FAST_MATH = YES;
				SDKROOT = iphoneos;
				SWIFT_COMPILATION_MODE = wholemodule;
				SWIFT_OPTIMIZATION_LEVEL = "-O";
				VALIDATE_PRODUCT = YES;
			};
			name = Release;
		};
		FBFB1A902237AAA5001F41E6 /* Debug */ = {
			isa = XCBuildConfiguration;
			buildSettings = {
				ASSETCATALOG_COMPILER_APPICON_NAME = AppIcon;
				CODE_SIGN_STYLE = Automatic;
				DEVELOPMENT_TEAM = FS44P45454;
				INFOPLIST_FILE = WeatherForecast/Info.plist;
				LD_RUNPATH_SEARCH_PATHS = (
					"$(inherited)",
					"@executable_path/Frameworks",
				);
				PRODUCT_BUNDLE_IDENTIFIER = k.WeatherForecast;
				PRODUCT_NAME = "$(TARGET_NAME)";
				SWIFT_VERSION = 4.2;
				TARGETED_DEVICE_FAMILY = "1,2";
			};
			name = Debug;
		};
		FBFB1A912237AAA5001F41E6 /* Release */ = {
			isa = XCBuildConfiguration;
			buildSettings = {
				ASSETCATALOG_COMPILER_APPICON_NAME = AppIcon;
				CODE_SIGN_STYLE = Automatic;
				DEVELOPMENT_TEAM = FS44P45454;
				INFOPLIST_FILE = WeatherForecast/Info.plist;
				LD_RUNPATH_SEARCH_PATHS = (
					"$(inherited)",
					"@executable_path/Frameworks",
				);
				PRODUCT_BUNDLE_IDENTIFIER = k.WeatherForecast;
				PRODUCT_NAME = "$(TARGET_NAME)";
				SWIFT_VERSION = 4.2;
				TARGETED_DEVICE_FAMILY = "1,2";
			};
			name = Release;
		};
/* End XCBuildConfiguration section */

/* Begin XCConfigurationList section */
		FBFB1A782237AAA3001F41E6 /* Build configuration list for PBXProject "WeatherForecast" */ = {
			isa = XCConfigurationList;
			buildConfigurations = (
				FBFB1A8D2237AAA5001F41E6 /* Debug */,
				FBFB1A8E2237AAA5001F41E6 /* Release */,
			);
			defaultConfigurationIsVisible = 0;
			defaultConfigurationName = Release;
		};
		FBFB1A8F2237AAA5001F41E6 /* Build configuration list for PBXNativeTarget "WeatherForecast" */ = {
			isa = XCConfigurationList;
			buildConfigurations = (
				FBFB1A902237AAA5001F41E6 /* Debug */,
				FBFB1A912237AAA5001F41E6 /* Release */,
			);
			defaultConfigurationIsVisible = 0;
			defaultConfigurationName = Release;
		};
/* End XCConfigurationList section */
	};
	rootObject = FBFB1A752237AAA3001F41E6 /* Project object */;
}
